
Microsoft Visual Studio Solution File, Format Version 12.00
# Visual Studio 15
VisualStudioVersion = 15.0.26730.16
MinimumVisualStudioVersion = 10.0.40219.1
Project("{9A19103F-16F7-4668-BE54-9A1E7A4F7556}") = "CameraBazaar.Web", "CameraBazaar.Web\CameraBazaar.Web.csproj", "{CDFBC451-49BD-4B2D-9EF3-B79087FDA4AB}"
EndProject
Project("{9A19103F-16F7-4668-BE54-9A1E7A4F7556}") = "CameraBazaar.Data", "CameraBazaar.Data\CameraBazaar.Data.csproj", "{96C857BD-2750-43AF-A92F-778F3C18E3EC}"
EndProject
Project("{FAE04EC0-301F-11D3-BF4B-00C04F79EFBC}") = "CameraBazaar.Services", "CameraBazaar.Services\CameraBazaar.Services.csproj", "{30892FFE-B484-4B4E-BD5E-3B9FE389B368}"
EndProject
Global
	GlobalSection(SolutionConfigurationPlatforms) = preSolution
		Debug|Any CPU = Debug|Any CPU
		Release|Any CPU = Release|Any CPU
	EndGlobalSection
	GlobalSection(ProjectConfigurationPlatforms) = postSolution
		{CDFBC451-49BD-4B2D-9EF3-B79087FDA4AB}.Debug|Any CPU.ActiveCfg = Debug|Any CPU
		{CDFBC451-49BD-4B2D-9EF3-B79087FDA4AB}.Debug|Any CPU.Build.0 = Debug|Any CPU
		{CDFBC451-49BD-4B2D-9EF3-B79087FDA4AB}.Release|Any CPU.ActiveCfg = Release|Any CPU
		{CDFBC451-49BD-4B2D-9EF3-B79087FDA4AB}.Release|Any CPU.Build.0 = Release|Any CPU
		{96C857BD-2750-43AF-A92F-778F3C18E3EC}.Debug|Any CPU.ActiveCfg = Debug|Any CPU
		{96C857BD-2750-43AF-A92F-778F3C18E3EC}.Debug|Any CPU.Build.0 = Debug|Any CPU
		{96C857BD-2750-43AF-A92F-778F3C18E3EC}.Release|Any CPU.ActiveCfg = Release|Any CPU
		{96C857BD-2750-43AF-A92F-778F3C18E3EC}.Release|Any CPU.Build.0 = Release|Any CPU
		{30892FFE-B484-4B4E-BD5E-3B9FE389B368}.Debug|Any CPU.ActiveCfg = Debug|Any CPU
		{30892FFE-B484-4B4E-BD5E-3B9FE389B368}.Debug|Any CPU.Build.0 = Debug|Any CPU
		{30892FFE-B484-4B4E-BD5E-3B9FE389B368}.Release|Any CPU.ActiveCfg = Release|Any CPU
		{30892FFE-B484-4B4E-BD5E-3B9FE389B368}.Release|Any CPU.Build.0 = Release|Any CPU
	EndGlobalSection
	GlobalSection(SolutionProperties) = preSolution
		HideSolutionNode = FALSE
	EndGlobalSection
	GlobalSection(ExtensibilityGlobals) = postSolution
		SolutionGuid = {6E47DB06-DEBB-45E8-B73D-8566093E5424}
	EndGlobalSection
EndGlobal
