
Microsoft Visual Studio Solution File, Format Version 12.00
# Visual Studio 15
VisualStudioVersion = 15.0.26730.16
MinimumVisualStudioVersion = 10.0.40219.1
Project("{9A19103F-16F7-4668-BE54-9A1E7A4F7556}") = "StudentSystem", "StudentSystem\StudentSystem.csproj", "{84F12089-A510-4D57-87D6-358EA53D50EC}"
EndProject
Project("{9A19103F-16F7-4668-BE54-9A1E7A4F7556}") = "SocialNetwork", "SocialNetwork\SocialNetwork.csproj", "{F3D0CB4D-7C8E-4010-A02A-DE184EA7EBB3}"
EndProject
Global
	GlobalSection(SolutionConfigurationPlatforms) = preSolution
		Debug|Any CPU = Debug|Any CPU
		Release|Any CPU = Release|Any CPU
	EndGlobalSection
	GlobalSection(ProjectConfigurationPlatforms) = postSolution
		{84F12089-A510-4D57-87D6-358EA53D50EC}.Debug|Any CPU.ActiveCfg = Debug|Any CPU
		{84F12089-A510-4D57-87D6-358EA53D50EC}.Debug|Any CPU.Build.0 = Debug|Any CPU
		{84F12089-A510-4D57-87D6-358EA53D50EC}.Release|Any CPU.ActiveCfg = Release|Any CPU
		{84F12089-A510-4D57-87D6-358EA53D50EC}.Release|Any CPU.Build.0 = Release|Any CPU
		{F3D0CB4D-7C8E-4010-A02A-DE184EA7EBB3}.Debug|Any CPU.ActiveCfg = Debug|Any CPU
		{F3D0CB4D-7C8E-4010-A02A-DE184EA7EBB3}.Debug|Any CPU.Build.0 = Debug|Any CPU
		{F3D0CB4D-7C8E-4010-A02A-DE184EA7EBB3}.Release|Any CPU.ActiveCfg = Release|Any CPU
		{F3D0CB4D-7C8E-4010-A02A-DE184EA7EBB3}.Release|Any CPU.Build.0 = Release|Any CPU
	EndGlobalSection
	GlobalSection(SolutionProperties) = preSolution
		HideSolutionNode = FALSE
	EndGlobalSection
	GlobalSection(ExtensibilityGlobals) = postSolution
		SolutionGuid = {F7204DF0-A975-4060-AF69-27AF7047EBA0}
	EndGlobalSection
EndGlobal
